{
  "requires": true,
  "lockfileVersion": 1,
  "dependencies": {
    "relational-pouch": {
      "version": "4.0.0",
      "resolved": "https://registry.npmjs.org/relational-pouch/-/relational-pouch-4.0.0.tgz",
      "integrity": "sha512-1BH3SIPMKqFAOeg6pOu/fpfEYgMQHOM24JheP6d9COCHze7FoGfgY4dC+9C/gkBLFeLVXDcuiY5oZy/U1aPZIQ==",
      "requires": {
        "uniq": "^1.0.1"
      }
    },
    "uniq": {
      "version": "1.0.1",
      "resolved": "https://registry.npmjs.org/uniq/-/uniq-1.0.1.tgz",
      "integrity": "sha1-sxxa6CVIRKOoKBVBzisEuGWnNP8="
    }
  }
}
